
Microsoft Visual Studio Solution File, Format Version 12.00
# Visual Studio Version 16
VisualStudioVersion = 16.0.29926.136
MinimumVisualStudioVersion = 10.0.40219.1
Project("{FAE04EC0-301F-11D3-BF4B-00C04F79EFBC}") = "Aplikacija za hotel", "Aplikacija za hotel.csproj", "{78B3F2B0-446D-42BD-B4C3-527024A94DDF}"
EndProject
Global
	GlobalSection(SolutionConfigurationPlatforms) = preSolution
		Debug|Any CPU = Debug|Any CPU
		Release|Any CPU = Release|Any CPU
	EndGlobalSection
	GlobalSection(ProjectConfigurationPlatforms) = postSolution
		{78B3F2B0-446D-42BD-B4C3-527024A94DDF}.Debug|Any CPU.ActiveCfg = Debug|Any CPU
		{78B3F2B0-446D-42BD-B4C3-527024A94DDF}.Debug|Any CPU.Build.0 = Debug|Any CPU
		{78B3F2B0-446D-42BD-B4C3-527024A94DDF}.Release|Any CPU.ActiveCfg = Release|Any CPU
		{78B3F2B0-446D-42BD-B4C3-527024A94DDF}.Release|Any CPU.Build.0 = Release|Any CPU
	EndGlobalSection
	GlobalSection(SolutionProperties) = preSolution
		HideSolutionNode = FALSE
	EndGlobalSection
	GlobalSection(ExtensibilityGlobals) = postSolution
		SolutionGuid = {47B7C2D2-5DEA-4B2C-9503-98518EAF33C3}
	EndGlobalSection
EndGlobal
