
Microsoft Visual Studio Solution File, Format Version 12.00
# Visual Studio Version 16
VisualStudioVersion = 16.0.30011.22
MinimumVisualStudioVersion = 10.0.40219.1
Project("{FAE04EC0-301F-11D3-BF4B-00C04F79EFBC}") = "AplikacijaZaHotel", "AplikacijaZaHotel.csproj", "{5E12EB60-20DE-4FB3-A653-EB66114BFF7B}"
EndProject
Global
	GlobalSection(SolutionConfigurationPlatforms) = preSolution
		Debug|Any CPU = Debug|Any CPU
		Release|Any CPU = Release|Any CPU
	EndGlobalSection
	GlobalSection(ProjectConfigurationPlatforms) = postSolution
		{5E12EB60-20DE-4FB3-A653-EB66114BFF7B}.Debug|Any CPU.ActiveCfg = Debug|Any CPU
		{5E12EB60-20DE-4FB3-A653-EB66114BFF7B}.Debug|Any CPU.Build.0 = Debug|Any CPU
		{5E12EB60-20DE-4FB3-A653-EB66114BFF7B}.Release|Any CPU.ActiveCfg = Release|Any CPU
		{5E12EB60-20DE-4FB3-A653-EB66114BFF7B}.Release|Any CPU.Build.0 = Release|Any CPU
	EndGlobalSection
	GlobalSection(SolutionProperties) = preSolution
		HideSolutionNode = FALSE
	EndGlobalSection
	GlobalSection(ExtensibilityGlobals) = postSolution
		SolutionGuid = {8CB0D695-6AD9-42C4-9C32-2D7C3435952B}
	EndGlobalSection
EndGlobal
